// !$*UTF8*$!
{
	archiveVersion = 1;
	classes = {
	};
	objectVersion = 50;
	objects = {

/* Begin PBXBuildFile section */
		8442E0EA26126CEF00F14374 /* CustomFont.swift in Sources */ = {isa = PBXBuildFile; fileRef = 8442E0E926126CEF00F14374 /* CustomFont.swift */; };
		845D56252614E65500F56E81 /* AthleteRanking.swift in Sources */ = {isa = PBXBuildFile; fileRef = 845D56062614E65500F56E81 /* AthleteRanking.swift */; };
		845D56262614E65600F56E81 /* RankingView.swift in Sources */ = {isa = PBXBuildFile; fileRef = 845D56072614E65500F56E81 /* RankingView.swift */; };
		845D56272614E65600F56E81 /* AthleteRankingRow.swift in Sources */ = {isa = PBXBuildFile; fileRef = 845D56082614E65500F56E81 /* AthleteRankingRow.swift */; };
		845D56282614E65600F56E81 /* SearchBar.swift in Sources */ = {isa = PBXBuildFile; fileRef = 845D56092614E65500F56E81 /* SearchBar.swift */; };
		845D56292614E65600F56E81 /* MedalCounter.swift in Sources */ = {isa = PBXBuildFile; fileRef = 845D560A2614E65500F56E81 /* MedalCounter.swift */; };
		845D562A2614E65600F56E81 /* FilterButton.swift in Sources */ = {isa = PBXBuildFile; fileRef = 845D560B2614E65500F56E81 /* FilterButton.swift */; };
		845D562B2614E65600F56E81 /* FilterBar.swift in Sources */ = {isa = PBXBuildFile; fileRef = 845D560C2614E65500F56E81 /* FilterBar.swift */; };
		845D562C2614E65600F56E81 /* Schedule.swift in Sources */ = {isa = PBXBuildFile; fileRef = 845D560E2614E65500F56E81 /* Schedule.swift */; };
		845D562D2614E65600F56E81 /* ScheduleList.swift in Sources */ = {isa = PBXBuildFile; fileRef = 845D560F2614E65500F56E81 /* ScheduleList.swift */; };
		845D562E2614E65600F56E81 /* BackgroundRectangle.swift in Sources */ = {isa = PBXBuildFile; fileRef = 845D56102614E65500F56E81 /* BackgroundRectangle.swift */; };
		845D562F2614E65600F56E81 /* NewsView.swift in Sources */ = {isa = PBXBuildFile; fileRef = 845D56122614E65500F56E81 /* NewsView.swift */; };
		845D56302614E65600F56E81 /* HappeningNow.swift in Sources */ = {isa = PBXBuildFile; fileRef = 845D56132614E65500F56E81 /* HappeningNow.swift */; };
		845D56312614E65600F56E81 /* feedEntireView.swift in Sources */ = {isa = PBXBuildFile; fileRef = 845D56142614E65500F56E81 /* feedEntireView.swift */; };
		845D56322614E65600F56E81 /* feedView.swift in Sources */ = {isa = PBXBuildFile; fileRef = 845D56152614E65500F56E81 /* feedView.swift */; };
		845D56332614E65600F56E81 /* AthleteGameView.swift in Sources */ = {isa = PBXBuildFile; fileRef = 845D56172614E65500F56E81 /* AthleteGameView.swift */; };
		845D56342614E65600F56E81 /* SportView.swift in Sources */ = {isa = PBXBuildFile; fileRef = 845D56182614E65500F56E81 /* SportView.swift */; };
		845D56352614E65600F56E81 /* AthletePreview.swift in Sources */ = {isa = PBXBuildFile; fileRef = 845D56192614E65500F56E81 /* AthletePreview.swift */; };
		845D56362614E65600F56E81 /* SportResults.swift in Sources */ = {isa = PBXBuildFile; fileRef = 845D561A2614E65500F56E81 /* SportResults.swift */; };
		845D56372614E65600F56E81 /* ResultsView.swift in Sources */ = {isa = PBXBuildFile; fileRef = 845D561B2614E65500F56E81 /* ResultsView.swift */; };
		845D56382614E65600F56E81 /* FeaturedAthletesView.swift in Sources */ = {isa = PBXBuildFile; fileRef = 845D561C2614E65500F56E81 /* FeaturedAthletesView.swift */; };
		845D56392614E65600F56E81 /* SportDetailsContent.swift in Sources */ = {isa = PBXBuildFile; fileRef = 845D561D2614E65500F56E81 /* SportDetailsContent.swift */; };
		845D563A2614E65600F56E81 /* SportImageView.swift in Sources */ = {isa = PBXBuildFile; fileRef = 845D561E2614E65500F56E81 /* SportImageView.swift */; };
		845D563B2614E65600F56E81 /* NextGames.swift in Sources */ = {isa = PBXBuildFile; fileRef = 845D561F2614E65500F56E81 /* NextGames.swift */; };
		845D563C2614E65600F56E81 /* AthleteMiniPreview.swift in Sources */ = {isa = PBXBuildFile; fileRef = 845D56202614E65500F56E81 /* AthleteMiniPreview.swift */; };
		845D563D2614E65600F56E81 /* CircleView.swift in Sources */ = {isa = PBXBuildFile; fileRef = 845D56212614E65500F56E81 /* CircleView.swift */; };
		845D563E2614E65600F56E81 /* AthleteNewsView.swift in Sources */ = {isa = PBXBuildFile; fileRef = 845D56232614E65500F56E81 /* AthleteNewsView.swift */; };
		845D563F2614E65600F56E81 /* AthleteDetail.swift in Sources */ = {isa = PBXBuildFile; fileRef = 845D56242614E65500F56E81 /* AthleteDetail.swift */; };
		845D56442614E9D400F56E81 /* FeedImage.swift in Sources */ = {isa = PBXBuildFile; fileRef = 845D56432614E9D400F56E81 /* FeedImage.swift */; };
		845D56472614EB1900F56E81 /* SectionTitle.swift in Sources */ = {isa = PBXBuildFile; fileRef = 845D56462614EB1900F56E81 /* SectionTitle.swift */; };
		845D56502615089500F56E81 /* StartView.swift in Sources */ = {isa = PBXBuildFile; fileRef = 845D564F2615089500F56E81 /* StartView.swift */; };
		845D5653261508A000F56E81 /* LoginView.swift in Sources */ = {isa = PBXBuildFile; fileRef = 845D5652261508A000F56E81 /* LoginView.swift */; };
		845D5656261508A900F56E81 /* DestinationPageView.swift in Sources */ = {isa = PBXBuildFile; fileRef = 845D5655261508A900F56E81 /* DestinationPageView.swift */; };
		845D565A26150A8900F56E81 /* TabBarIcon.swift in Sources */ = {isa = PBXBuildFile; fileRef = 845D565926150A8900F56E81 /* TabBarIcon.swift */; };
		845D565D26150AFC00F56E81 /* PrincipalView.swift in Sources */ = {isa = PBXBuildFile; fileRef = 845D565C26150AFC00F56E81 /* PrincipalView.swift */; };
		84E2023326124973004B709C /* iOS_Tokyo2020App.swift in Sources */ = {isa = PBXBuildFile; fileRef = 84E2023226124973004B709C /* iOS_Tokyo2020App.swift */; };
		84E2023526124973004B709C /* ContentView.swift in Sources */ = {isa = PBXBuildFile; fileRef = 84E2023426124973004B709C /* ContentView.swift */; };
		84E2023726124974004B709C /* Assets.xcassets in Resources */ = {isa = PBXBuildFile; fileRef = 84E2023626124974004B709C /* Assets.xcassets */; };
		84E2023A26124974004B709C /* Preview Assets.xcassets in Resources */ = {isa = PBXBuildFile; fileRef = 84E2023926124974004B709C /* Preview Assets.xcassets */; };
		84E2024726124EB4004B709C /* Athlete.swift in Sources */ = {isa = PBXBuildFile; fileRef = 84E2024626124EB4004B709C /* Athlete.swift */; };
		84E2024A26124F94004B709C /* Sport.swift in Sources */ = {isa = PBXBuildFile; fileRef = 84E2024926124F94004B709C /* Sport.swift */; };
		84E2024E26125033004B709C /* Team.swift in Sources */ = {isa = PBXBuildFile; fileRef = 84E2024D26125033004B709C /* Team.swift */; };
		84E20255261251BF004B709C /* Game.swift in Sources */ = {isa = PBXBuildFile; fileRef = 84E20254261251BF004B709C /* Game.swift */; };
		84E20258261252C5004B709C /* Medal.swift in Sources */ = {isa = PBXBuildFile; fileRef = 84E20257261252C5004B709C /* Medal.swift */; };
		84E2025B2612533B004B709C /* News.swift in Sources */ = {isa = PBXBuildFile; fileRef = 84E2025A2612533B004B709C /* News.swift */; };
		84E2025E261256E0004B709C /* Olympic.swift in Sources */ = {isa = PBXBuildFile; fileRef = 84E2025D261256E0004B709C /* Olympic.swift */; };
		B2C409DD2613A2AA0001E6D7 /* tabBarRouter.swift in Sources */ = {isa = PBXBuildFile; fileRef = B2C409DC2613A2AA0001E6D7 /* tabBarRouter.swift */; };
/* End PBXBuildFile section */

/* Begin PBXFileReference section */
		8442E0E926126CEF00F14374 /* CustomFont.swift */ = {isa = PBXFileReference; lastKnownFileType = sourcecode.swift; path = CustomFont.swift; sourceTree = "<group>"; };
		845D56062614E65500F56E81 /* AthleteRanking.swift */ = {isa = PBXFileReference; fileEncoding = 4; lastKnownFileType = sourcecode.swift; path = AthleteRanking.swift; sourceTree = "<group>"; };
		845D56072614E65500F56E81 /* RankingView.swift */ = {isa = PBXFileReference; fileEncoding = 4; lastKnownFileType = sourcecode.swift; path = RankingView.swift; sourceTree = "<group>"; };
		845D56082614E65500F56E81 /* AthleteRankingRow.swift */ = {isa = PBXFileReference; fileEncoding = 4; lastKnownFileType = sourcecode.swift; path = AthleteRankingRow.swift; sourceTree = "<group>"; };
		845D56092614E65500F56E81 /* SearchBar.swift */ = {isa = PBXFileReference; fileEncoding = 4; lastKnownFileType = sourcecode.swift; path = SearchBar.swift; sourceTree = "<group>"; };
		845D560A2614E65500F56E81 /* MedalCounter.swift */ = {isa = PBXFileReference; fileEncoding = 4; lastKnownFileType = sourcecode.swift; path = MedalCounter.swift; sourceTree = "<group>"; };
		845D560B2614E65500F56E81 /* FilterButton.swift */ = {isa = PBXFileReference; fileEncoding = 4; lastKnownFileType = sourcecode.swift; path = FilterButton.swift; sourceTree = "<group>"; };
		845D560C2614E65500F56E81 /* FilterBar.swift */ = {isa = PBXFileReference; fileEncoding = 4; lastKnownFileType = sourcecode.swift; path = FilterBar.swift; sourceTree = "<group>"; };
		845D560E2614E65500F56E81 /* Schedule.swift */ = {isa = PBXFileReference; fileEncoding = 4; lastKnownFileType = sourcecode.swift; path = Schedule.swift; sourceTree = "<group>"; };
		845D560F2614E65500F56E81 /* ScheduleList.swift */ = {isa = PBXFileReference; fileEncoding = 4; lastKnownFileType = sourcecode.swift; path = ScheduleList.swift; sourceTree = "<group>"; };
		845D56102614E65500F56E81 /* BackgroundRectangle.swift */ = {isa = PBXFileReference; fileEncoding = 4; lastKnownFileType = sourcecode.swift; path = BackgroundRectangle.swift; sourceTree = "<group>"; };
		845D56122614E65500F56E81 /* NewsView.swift */ = {isa = PBXFileReference; fileEncoding = 4; lastKnownFileType = sourcecode.swift; path = NewsView.swift; sourceTree = "<group>"; };
		845D56132614E65500F56E81 /* HappeningNow.swift */ = {isa = PBXFileReference; fileEncoding = 4; lastKnownFileType = sourcecode.swift; path = HappeningNow.swift; sourceTree = "<group>"; };
		845D56142614E65500F56E81 /* feedEntireView.swift */ = {isa = PBXFileReference; fileEncoding = 4; lastKnownFileType = sourcecode.swift; path = feedEntireView.swift; sourceTree = "<group>"; };
		845D56152614E65500F56E81 /* feedView.swift */ = {isa = PBXFileReference; fileEncoding = 4; lastKnownFileType = sourcecode.swift; path = feedView.swift; sourceTree = "<group>"; };
		845D56172614E65500F56E81 /* AthleteGameView.swift */ = {isa = PBXFileReference; fileEncoding = 4; lastKnownFileType = sourcecode.swift; path = AthleteGameView.swift; sourceTree = "<group>"; };
		845D56182614E65500F56E81 /* SportView.swift */ = {isa = PBXFileReference; fileEncoding = 4; lastKnownFileType = sourcecode.swift; path = SportView.swift; sourceTree = "<group>"; };
		845D56192614E65500F56E81 /* AthletePreview.swift */ = {isa = PBXFileReference; fileEncoding = 4; lastKnownFileType = sourcecode.swift; path = AthletePreview.swift; sourceTree = "<group>"; };
		845D561A2614E65500F56E81 /* SportResults.swift */ = {isa = PBXFileReference; fileEncoding = 4; lastKnownFileType = sourcecode.swift; path = SportResults.swift; sourceTree = "<group>"; };
		845D561B2614E65500F56E81 /* ResultsView.swift */ = {isa = PBXFileReference; fileEncoding = 4; lastKnownFileType = sourcecode.swift; path = ResultsView.swift; sourceTree = "<group>"; };
		845D561C2614E65500F56E81 /* FeaturedAthletesView.swift */ = {isa = PBXFileReference; fileEncoding = 4; lastKnownFileType = sourcecode.swift; path = FeaturedAthletesView.swift; sourceTree = "<group>"; };
		845D561D2614E65500F56E81 /* SportDetailsContent.swift */ = {isa = PBXFileReference; fileEncoding = 4; lastKnownFileType = sourcecode.swift; path = SportDetailsContent.swift; sourceTree = "<group>"; };
		845D561E2614E65500F56E81 /* SportImageView.swift */ = {isa = PBXFileReference; fileEncoding = 4; lastKnownFileType = sourcecode.swift; path = SportImageView.swift; sourceTree = "<group>"; };
		845D561F2614E65500F56E81 /* NextGames.swift */ = {isa = PBXFileReference; fileEncoding = 4; lastKnownFileType = sourcecode.swift; path = NextGames.swift; sourceTree = "<group>"; };
		845D56202614E65500F56E81 /* AthleteMiniPreview.swift */ = {isa = PBXFileReference; fileEncoding = 4; lastKnownFileType = sourcecode.swift; path = AthleteMiniPreview.swift; sourceTree = "<group>"; };
		845D56212614E65500F56E81 /* CircleView.swift */ = {isa = PBXFileReference; fileEncoding = 4; lastKnownFileType = sourcecode.swift; path = CircleView.swift; sourceTree = "<group>"; };
		845D56232614E65500F56E81 /* AthleteNewsView.swift */ = {isa = PBXFileReference; fileEncoding = 4; lastKnownFileType = sourcecode.swift; path = AthleteNewsView.swift; sourceTree = "<group>"; };
		845D56242614E65500F56E81 /* AthleteDetail.swift */ = {isa = PBXFileReference; fileEncoding = 4; lastKnownFileType = sourcecode.swift; path = AthleteDetail.swift; sourceTree = "<group>"; };
		845D56432614E9D400F56E81 /* FeedImage.swift */ = {isa = PBXFileReference; lastKnownFileType = sourcecode.swift; path = FeedImage.swift; sourceTree = "<group>"; };
		845D56462614EB1900F56E81 /* SectionTitle.swift */ = {isa = PBXFileReference; lastKnownFileType = sourcecode.swift; path = SectionTitle.swift; sourceTree = "<group>"; };
		845D564F2615089500F56E81 /* StartView.swift */ = {isa = PBXFileReference; fileEncoding = 4; lastKnownFileType = sourcecode.swift; path = StartView.swift; sourceTree = "<group>"; };
		845D5652261508A000F56E81 /* LoginView.swift */ = {isa = PBXFileReference; fileEncoding = 4; lastKnownFileType = sourcecode.swift; path = LoginView.swift; sourceTree = "<group>"; };
		845D5655261508A900F56E81 /* DestinationPageView.swift */ = {isa = PBXFileReference; fileEncoding = 4; lastKnownFileType = sourcecode.swift; path = DestinationPageView.swift; sourceTree = "<group>"; };
		845D565926150A8900F56E81 /* TabBarIcon.swift */ = {isa = PBXFileReference; lastKnownFileType = sourcecode.swift; path = TabBarIcon.swift; sourceTree = "<group>"; };
		845D565C26150AFC00F56E81 /* PrincipalView.swift */ = {isa = PBXFileReference; lastKnownFileType = sourcecode.swift; path = PrincipalView.swift; sourceTree = "<group>"; };
		84E2022F26124973004B709C /* iOS-Tokyo2020.app */ = {isa = PBXFileReference; explicitFileType = wrapper.application; includeInIndex = 0; path = "iOS-Tokyo2020.app"; sourceTree = BUILT_PRODUCTS_DIR; };
		84E2023226124973004B709C /* iOS_Tokyo2020App.swift */ = {isa = PBXFileReference; lastKnownFileType = sourcecode.swift; path = iOS_Tokyo2020App.swift; sourceTree = "<group>"; };
		84E2023426124973004B709C /* ContentView.swift */ = {isa = PBXFileReference; lastKnownFileType = sourcecode.swift; path = ContentView.swift; sourceTree = "<group>"; };
		84E2023626124974004B709C /* Assets.xcassets */ = {isa = PBXFileReference; lastKnownFileType = folder.assetcatalog; path = Assets.xcassets; sourceTree = "<group>"; };
		84E2023926124974004B709C /* Preview Assets.xcassets */ = {isa = PBXFileReference; lastKnownFileType = folder.assetcatalog; path = "Preview Assets.xcassets"; sourceTree = "<group>"; };
		84E2023B26124974004B709C /* Info.plist */ = {isa = PBXFileReference; lastKnownFileType = text.plist.xml; path = Info.plist; sourceTree = "<group>"; };
		84E2024626124EB4004B709C /* Athlete.swift */ = {isa = PBXFileReference; lastKnownFileType = sourcecode.swift; path = Athlete.swift; sourceTree = "<group>"; };
		84E2024926124F94004B709C /* Sport.swift */ = {isa = PBXFileReference; lastKnownFileType = sourcecode.swift; path = Sport.swift; sourceTree = "<group>"; };
		84E2024D26125033004B709C /* Team.swift */ = {isa = PBXFileReference; lastKnownFileType = sourcecode.swift; path = Team.swift; sourceTree = "<group>"; };
		84E20254261251BF004B709C /* Game.swift */ = {isa = PBXFileReference; lastKnownFileType = sourcecode.swift; path = Game.swift; sourceTree = "<group>"; };
		84E20257261252C5004B709C /* Medal.swift */ = {isa = PBXFileReference; lastKnownFileType = sourcecode.swift; path = Medal.swift; sourceTree = "<group>"; };
		84E2025A2612533B004B709C /* News.swift */ = {isa = PBXFileReference; lastKnownFileType = sourcecode.swift; path = News.swift; sourceTree = "<group>"; };
		84E2025D261256E0004B709C /* Olympic.swift */ = {isa = PBXFileReference; lastKnownFileType = sourcecode.swift; path = Olympic.swift; sourceTree = "<group>"; };
		B2C409DC2613A2AA0001E6D7 /* tabBarRouter.swift */ = {isa = PBXFileReference; lastKnownFileType = sourcecode.swift; path = tabBarRouter.swift; sourceTree = "<group>"; };
/* End PBXFileReference section */

/* Begin PBXFrameworksBuildPhase section */
		84E2022C26124973004B709C /* Frameworks */ = {
			isa = PBXFrameworksBuildPhase;
			buildActionMask = 2147483647;
			files = (
			);
			runOnlyForDeploymentPostprocessing = 0;
		};
/* End PBXFrameworksBuildPhase section */

/* Begin PBXGroup section */
		8442E0E226126CC500F14374 /* Shared */ = {
			isa = PBXGroup;
			children = (
				845D56212614E65500F56E81 /* CircleView.swift */,
				845D56102614E65500F56E81 /* BackgroundRectangle.swift */,
				845D56462614EB1900F56E81 /* SectionTitle.swift */,
				8442E0E926126CEF00F14374 /* CustomFont.swift */,
				845D565926150A8900F56E81 /* TabBarIcon.swift */,
			);
			path = Shared;
			sourceTree = "<group>";
		};
		845D56042614E65500F56E81 /* View */ = {
			isa = PBXGroup;
			children = (
				845D564E2615088700F56E81 /* Onboarding */,
				845D56052614E65500F56E81 /* Ranking */,
				845D560D2614E65500F56E81 /* Schedule */,
				845D56112614E65500F56E81 /* FeedHome */,
				845D56162614E65500F56E81 /* SportDetails */,
				845D56222614E65500F56E81 /* Athlete */,
			);
			path = View;
			sourceTree = "<group>";
		};
		845D56052614E65500F56E81 /* Ranking */ = {
			isa = PBXGroup;
			children = (
				845D56062614E65500F56E81 /* AthleteRanking.swift */,
				845D56072614E65500F56E81 /* RankingView.swift */,
				845D56082614E65500F56E81 /* AthleteRankingRow.swift */,
				845D56092614E65500F56E81 /* SearchBar.swift */,
				845D560A2614E65500F56E81 /* MedalCounter.swift */,
				845D560B2614E65500F56E81 /* FilterButton.swift */,
				845D560C2614E65500F56E81 /* FilterBar.swift */,
			);
			path = Ranking;
			sourceTree = "<group>";
		};
		845D560D2614E65500F56E81 /* Schedule */ = {
			isa = PBXGroup;
			children = (
				845D560E2614E65500F56E81 /* Schedule.swift */,
				845D560F2614E65500F56E81 /* ScheduleList.swift */,
			);
			path = Schedule;
			sourceTree = "<group>";
		};
		845D56112614E65500F56E81 /* FeedHome */ = {
			isa = PBXGroup;
			children = (
				845D56122614E65500F56E81 /* NewsView.swift */,
				845D56132614E65500F56E81 /* HappeningNow.swift */,
				845D56142614E65500F56E81 /* feedEntireView.swift */,
				845D56152614E65500F56E81 /* feedView.swift */,
				845D56432614E9D400F56E81 /* FeedImage.swift */,
			);
			path = FeedHome;
			sourceTree = "<group>";
		};
		845D56162614E65500F56E81 /* SportDetails */ = {
			isa = PBXGroup;
			children = (
				845D56172614E65500F56E81 /* AthleteGameView.swift */,
				845D56182614E65500F56E81 /* SportView.swift */,
				845D56192614E65500F56E81 /* AthletePreview.swift */,
				845D561A2614E65500F56E81 /* SportResults.swift */,
				845D561B2614E65500F56E81 /* ResultsView.swift */,
				845D561C2614E65500F56E81 /* FeaturedAthletesView.swift */,
				845D561D2614E65500F56E81 /* SportDetailsContent.swift */,
				845D561E2614E65500F56E81 /* SportImageView.swift */,
				845D561F2614E65500F56E81 /* NextGames.swift */,
				845D56202614E65500F56E81 /* AthleteMiniPreview.swift */,
			);
			path = SportDetails;
			sourceTree = "<group>";
		};
		845D56222614E65500F56E81 /* Athlete */ = {
			isa = PBXGroup;
			children = (
				845D56232614E65500F56E81 /* AthleteNewsView.swift */,
				845D56242614E65500F56E81 /* AthleteDetail.swift */,
			);
			path = Athlete;
			sourceTree = "<group>";
		};
		845D564E2615088700F56E81 /* Onboarding */ = {
			isa = PBXGroup;
			children = (
				845D564F2615089500F56E81 /* StartView.swift */,
				845D5652261508A000F56E81 /* LoginView.swift */,
				845D5655261508A900F56E81 /* DestinationPageView.swift */,
			);
			path = Onboarding;
			sourceTree = "<group>";
		};
		84E2022626124973004B709C = {
			isa = PBXGroup;
			children = (
				84E2023126124973004B709C /* iOS-Tokyo2020 */,
				84E2023026124973004B709C /* Products */,
			);
			sourceTree = "<group>";
		};
		84E2023026124973004B709C /* Products */ = {
			isa = PBXGroup;
			children = (
				84E2022F26124973004B709C /* iOS-Tokyo2020.app */,
			);
			name = Products;
			sourceTree = "<group>";
		};
		84E2023126124973004B709C /* iOS-Tokyo2020 */ = {
			isa = PBXGroup;
			children = (
				845D56042614E65500F56E81 /* View */,
				8442E0E226126CC500F14374 /* Shared */,
				84E2024226124E25004B709C /* Model */,
				84E2023226124973004B709C /* iOS_Tokyo2020App.swift */,
				84E2023426124973004B709C /* ContentView.swift */,
				B2C409DC2613A2AA0001E6D7 /* tabBarRouter.swift */,
				84E2023626124974004B709C /* Assets.xcassets */,
				84E2023B26124974004B709C /* Info.plist */,
				84E2023826124974004B709C /* Preview Content */,
				845D565C26150AFC00F56E81 /* PrincipalView.swift */,
			);
			path = "iOS-Tokyo2020";
			sourceTree = "<group>";
		};
		84E2023826124974004B709C /* Preview Content */ = {
			isa = PBXGroup;
			children = (
				84E2023926124974004B709C /* Preview Assets.xcassets */,
			);
			path = "Preview Content";
			sourceTree = "<group>";
		};
		84E2024226124E25004B709C /* Model */ = {
			isa = PBXGroup;
			children = (
				84E2024626124EB4004B709C /* Athlete.swift */,
				84E2024926124F94004B709C /* Sport.swift */,
				84E2024D26125033004B709C /* Team.swift */,
				84E20254261251BF004B709C /* Game.swift */,
				84E20257261252C5004B709C /* Medal.swift */,
				84E2025A2612533B004B709C /* News.swift */,
				84E2025D261256E0004B709C /* Olympic.swift */,
			);
			path = Model;
			sourceTree = "<group>";
		};
/* End PBXGroup section */

/* Begin PBXNativeTarget section */
		84E2022E26124973004B709C /* iOS-Tokyo2020 */ = {
			isa = PBXNativeTarget;
			buildConfigurationList = 84E2023E26124974004B709C /* Build configuration list for PBXNativeTarget "iOS-Tokyo2020" */;
			buildPhases = (
				84E2022B26124973004B709C /* Sources */,
				84E2022C26124973004B709C /* Frameworks */,
				84E2022D26124973004B709C /* Resources */,
			);
			buildRules = (
			);
			dependencies = (
			);
			name = "iOS-Tokyo2020";
			productName = "iOS-Tokyo2020";
			productReference = 84E2022F26124973004B709C /* iOS-Tokyo2020.app */;
			productType = "com.apple.product-type.application";
		};
/* End PBXNativeTarget section */

/* Begin PBXProject section */
		84E2022726124973004B709C /* Project object */ = {
			isa = PBXProject;
			attributes = {
				LastSwiftUpdateCheck = 1240;
				LastUpgradeCheck = 1240;
				TargetAttributes = {
					84E2022E26124973004B709C = {
						CreatedOnToolsVersion = 12.4;
					};
				};
			};
			buildConfigurationList = 84E2022A26124973004B709C /* Build configuration list for PBXProject "iOS-Tokyo2020" */;
			compatibilityVersion = "Xcode 9.3";
			developmentRegion = en;
			hasScannedForEncodings = 0;
			knownRegions = (
				en,
				Base,
			);
			mainGroup = 84E2022626124973004B709C;
			productRefGroup = 84E2023026124973004B709C /* Products */;
			projectDirPath = "";
			projectRoot = "";
			targets = (
				84E2022E26124973004B709C /* iOS-Tokyo2020 */,
			);
		};
/* End PBXProject section */

/* Begin PBXResourcesBuildPhase section */
		84E2022D26124973004B709C /* Resources */ = {
			isa = PBXResourcesBuildPhase;
			buildActionMask = 2147483647;
			files = (
				84E2023A26124974004B709C /* Preview Assets.xcassets in Resources */,
				84E2023726124974004B709C /* Assets.xcassets in Resources */,
			);
			runOnlyForDeploymentPostprocessing = 0;
		};
/* End PBXResourcesBuildPhase section */

/* Begin PBXSourcesBuildPhase section */
		84E2022B26124973004B709C /* Sources */ = {
			isa = PBXSourcesBuildPhase;
			buildActionMask = 2147483647;
			files = (
				84E2023526124973004B709C /* ContentView.swift in Sources */,
				845D563F2614E65600F56E81 /* AthleteDetail.swift in Sources */,
				845D562D2614E65600F56E81 /* ScheduleList.swift in Sources */,
				845D562A2614E65600F56E81 /* FilterButton.swift in Sources */,
				845D56302614E65600F56E81 /* HappeningNow.swift in Sources */,
				845D562E2614E65600F56E81 /* BackgroundRectangle.swift in Sources */,
				84E20255261251BF004B709C /* Game.swift in Sources */,
				845D56292614E65600F56E81 /* MedalCounter.swift in Sources */,
				845D562B2614E65600F56E81 /* FilterBar.swift in Sources */,
				84E2025B2612533B004B709C /* News.swift in Sources */,
				845D56312614E65600F56E81 /* feedEntireView.swift in Sources */,
				845D56372614E65600F56E81 /* ResultsView.swift in Sources */,
				B2C409DD2613A2AA0001E6D7 /* tabBarRouter.swift in Sources */,
				845D563E2614E65600F56E81 /* AthleteNewsView.swift in Sources */,
				845D56352614E65600F56E81 /* AthletePreview.swift in Sources */,
				845D56362614E65600F56E81 /* SportResults.swift in Sources */,
				845D56282614E65600F56E81 /* SearchBar.swift in Sources */,
				84E2023326124973004B709C /* iOS_Tokyo2020App.swift in Sources */,
				84E2025E261256E0004B709C /* Olympic.swift in Sources */,
				845D56262614E65600F56E81 /* RankingView.swift in Sources */,
				845D56472614EB1900F56E81 /* SectionTitle.swift in Sources */,
				845D5656261508A900F56E81 /* DestinationPageView.swift in Sources */,
				845D563A2614E65600F56E81 /* SportImageView.swift in Sources */,
				84E2024A26124F94004B709C /* Sport.swift in Sources */,
				845D56272614E65600F56E81 /* AthleteRankingRow.swift in Sources */,
				845D56392614E65600F56E81 /* SportDetailsContent.swift in Sources */,
				8442E0EA26126CEF00F14374 /* CustomFont.swift in Sources */,
				845D56502615089500F56E81 /* StartView.swift in Sources */,
				845D56252614E65500F56E81 /* AthleteRanking.swift in Sources */,
				845D563B2614E65600F56E81 /* NextGames.swift in Sources */,
				84E2024E26125033004B709C /* Team.swift in Sources */,
				84E20258261252C5004B709C /* Medal.swift in Sources */,
				845D565A26150A8900F56E81 /* TabBarIcon.swift in Sources */,
				845D562F2614E65600F56E81 /* NewsView.swift in Sources */,
				845D563D2614E65600F56E81 /* CircleView.swift in Sources */,
				845D563C2614E65600F56E81 /* AthleteMiniPreview.swift in Sources */,
				845D56382614E65600F56E81 /* FeaturedAthletesView.swift in Sources */,
				845D562C2614E65600F56E81 /* Schedule.swift in Sources */,
				845D5653261508A000F56E81 /* LoginView.swift in Sources */,
				845D56322614E65600F56E81 /* feedView.swift in Sources */,
				845D565D26150AFC00F56E81 /* PrincipalView.swift in Sources */,
				845D56442614E9D400F56E81 /* FeedImage.swift in Sources */,
				845D56342614E65600F56E81 /* SportView.swift in Sources */,
				84E2024726124EB4004B709C /* Athlete.swift in Sources */,
				845D56332614E65600F56E81 /* AthleteGameView.swift in Sources */,
			);
			runOnlyForDeploymentPostprocessing = 0;
		};
/* End PBXSourcesBuildPhase section */

/* Begin XCBuildConfiguration section */
		84E2023C26124974004B709C /* Debug */ = {
			isa = XCBuildConfiguration;
			buildSettings = {
				ALWAYS_SEARCH_USER_PATHS = NO;
				CLANG_ANALYZER_NONNULL = YES;
				CLANG_ANALYZER_NUMBER_OBJECT_CONVERSION = YES_AGGRESSIVE;
				CLANG_CXX_LANGUAGE_STANDARD = "gnu++14";
				CLANG_CXX_LIBRARY = "libc++";
				CLANG_ENABLE_MODULES = YES;
				CLANG_ENABLE_OBJC_ARC = YES;
				CLANG_ENABLE_OBJC_WEAK = YES;
				CLANG_WARN_BLOCK_CAPTURE_AUTORELEASING = YES;
				CLANG_WARN_BOOL_CONVERSION = YES;
				CLANG_WARN_COMMA = YES;
				CLANG_WARN_CONSTANT_CONVERSION = YES;
				CLANG_WARN_DEPRECATED_OBJC_IMPLEMENTATIONS = YES;
				CLANG_WARN_DIRECT_OBJC_ISA_USAGE = YES_ERROR;
				CLANG_WARN_DOCUMENTATION_COMMENTS = YES;
				CLANG_WARN_EMPTY_BODY = YES;
				CLANG_WARN_ENUM_CONVERSION = YES;
				CLANG_WARN_INFINITE_RECURSION = YES;
				CLANG_WARN_INT_CONVERSION = YES;
				CLANG_WARN_NON_LITERAL_NULL_CONVERSION = YES;
				CLANG_WARN_OBJC_IMPLICIT_RETAIN_SELF = YES;
				CLANG_WARN_OBJC_LITERAL_CONVERSION = YES;
				CLANG_WARN_OBJC_ROOT_CLASS = YES_ERROR;
				CLANG_WARN_QUOTED_INCLUDE_IN_FRAMEWORK_HEADER = YES;
				CLANG_WARN_RANGE_LOOP_ANALYSIS = YES;
				CLANG_WARN_STRICT_PROTOTYPES = YES;
				CLANG_WARN_SUSPICIOUS_MOVE = YES;
				CLANG_WARN_UNGUARDED_AVAILABILITY = YES_AGGRESSIVE;
				CLANG_WARN_UNREACHABLE_CODE = YES;
				CLANG_WARN__DUPLICATE_METHOD_MATCH = YES;
				COPY_PHASE_STRIP = NO;
				DEBUG_INFORMATION_FORMAT = dwarf;
				ENABLE_STRICT_OBJC_MSGSEND = YES;
				ENABLE_TESTABILITY = YES;
				GCC_C_LANGUAGE_STANDARD = gnu11;
				GCC_DYNAMIC_NO_PIC = NO;
				GCC_NO_COMMON_BLOCKS = YES;
				GCC_OPTIMIZATION_LEVEL = 0;
				GCC_PREPROCESSOR_DEFINITIONS = (
					"DEBUG=1",
					"$(inherited)",
				);
				GCC_WARN_64_TO_32_BIT_CONVERSION = YES;
				GCC_WARN_ABOUT_RETURN_TYPE = YES_ERROR;
				GCC_WARN_UNDECLARED_SELECTOR = YES;
				GCC_WARN_UNINITIALIZED_AUTOS = YES_AGGRESSIVE;
				GCC_WARN_UNUSED_FUNCTION = YES;
				GCC_WARN_UNUSED_VARIABLE = YES;
				IPHONEOS_DEPLOYMENT_TARGET = 14.4;
				MTL_ENABLE_DEBUG_INFO = INCLUDE_SOURCE;
				MTL_FAST_MATH = YES;
				ONLY_ACTIVE_ARCH = YES;
				SDKROOT = iphoneos;
				SWIFT_ACTIVE_COMPILATION_CONDITIONS = DEBUG;
				SWIFT_OPTIMIZATION_LEVEL = "-Onone";
			};
			name = Debug;
		};
		84E2023D26124974004B709C /* Release */ = {
			isa = XCBuildConfiguration;
			buildSettings = {
				ALWAYS_SEARCH_USER_PATHS = NO;
				CLANG_ANALYZER_NONNULL = YES;
				CLANG_ANALYZER_NUMBER_OBJECT_CONVERSION = YES_AGGRESSIVE;
				CLANG_CXX_LANGUAGE_STANDARD = "gnu++14";
				CLANG_CXX_LIBRARY = "libc++";
				CLANG_ENABLE_MODULES = YES;
				CLANG_ENABLE_OBJC_ARC = YES;
				CLANG_ENABLE_OBJC_WEAK = YES;
				CLANG_WARN_BLOCK_CAPTURE_AUTORELEASING = YES;
				CLANG_WARN_BOOL_CONVERSION = YES;
				CLANG_WARN_COMMA = YES;
				CLANG_WARN_CONSTANT_CONVERSION = YES;
				CLANG_WARN_DEPRECATED_OBJC_IMPLEMENTATIONS = YES;
				CLANG_WARN_DIRECT_OBJC_ISA_USAGE = YES_ERROR;
				CLANG_WARN_DOCUMENTATION_COMMENTS = YES;
				CLANG_WARN_EMPTY_BODY = YES;
				CLANG_WARN_ENUM_CONVERSION = YES;
				CLANG_WARN_INFINITE_RECURSION = YES;
				CLANG_WARN_INT_CONVERSION = YES;
				CLANG_WARN_NON_LITERAL_NULL_CONVERSION = YES;
				CLANG_WARN_OBJC_IMPLICIT_RETAIN_SELF = YES;
				CLANG_WARN_OBJC_LITERAL_CONVERSION = YES;
				CLANG_WARN_OBJC_ROOT_CLASS = YES_ERROR;
				CLANG_WARN_QUOTED_INCLUDE_IN_FRAMEWORK_HEADER = YES;
				CLANG_WARN_RANGE_LOOP_ANALYSIS = YES;
				CLANG_WARN_STRICT_PROTOTYPES = YES;
				CLANG_WARN_SUSPICIOUS_MOVE = YES;
				CLANG_WARN_UNGUARDED_AVAILABILITY = YES_AGGRESSIVE;
				CLANG_WARN_UNREACHABLE_CODE = YES;
				CLANG_WARN__DUPLICATE_METHOD_MATCH = YES;
				COPY_PHASE_STRIP = NO;
				DEBUG_INFORMATION_FORMAT = "dwarf-with-dsym";
				ENABLE_NS_ASSERTIONS = NO;
				ENABLE_STRICT_OBJC_MSGSEND = YES;
				GCC_C_LANGUAGE_STANDARD = gnu11;
				GCC_NO_COMMON_BLOCKS = YES;
				GCC_WARN_64_TO_32_BIT_CONVERSION = YES;
				GCC_WARN_ABOUT_RETURN_TYPE = YES_ERROR;
				GCC_WARN_UNDECLARED_SELECTOR = YES;
				GCC_WARN_UNINITIALIZED_AUTOS = YES_AGGRESSIVE;
				GCC_WARN_UNUSED_FUNCTION = YES;
				GCC_WARN_UNUSED_VARIABLE = YES;
				IPHONEOS_DEPLOYMENT_TARGET = 14.4;
				MTL_ENABLE_DEBUG_INFO = NO;
				MTL_FAST_MATH = YES;
				SDKROOT = iphoneos;
				SWIFT_COMPILATION_MODE = wholemodule;
				SWIFT_OPTIMIZATION_LEVEL = "-O";
				VALIDATE_PRODUCT = YES;
			};
			name = Release;
		};
		84E2023F26124974004B709C /* Debug */ = {
			isa = XCBuildConfiguration;
			buildSettings = {
				ASSETCATALOG_COMPILER_APPICON_NAME = AppIcon;
				ASSETCATALOG_COMPILER_GLOBAL_ACCENT_COLOR_NAME = AccentColor;
				CODE_SIGN_STYLE = Automatic;
				DEVELOPMENT_ASSET_PATHS = "\"iOS-Tokyo2020/Preview Content\"";
				DEVELOPMENT_TEAM = 8HS35WKYD8;
				ENABLE_PREVIEWS = YES;
				INFOPLIST_FILE = "iOS-Tokyo2020/Info.plist";
				IPHONEOS_DEPLOYMENT_TARGET = 14.0;
				LD_RUNPATH_SEARCH_PATHS = (
					"$(inherited)",
					"@executable_path/Frameworks",
				);
				PRODUCT_BUNDLE_IDENTIFIER = "joaoCervo.iOS-Tokyo2020";
				PRODUCT_NAME = "$(TARGET_NAME)";
				SWIFT_VERSION = 5.0;
				TARGETED_DEVICE_FAMILY = "1,2";
			};
			name = Debug;
		};
		84E2024026124974004B709C /* Release */ = {
			isa = XCBuildConfiguration;
			buildSettings = {
				ASSETCATALOG_COMPILER_APPICON_NAME = AppIcon;
				ASSETCATALOG_COMPILER_GLOBAL_ACCENT_COLOR_NAME = AccentColor;
				CODE_SIGN_STYLE = Automatic;
				DEVELOPMENT_ASSET_PATHS = "\"iOS-Tokyo2020/Preview Content\"";
				DEVELOPMENT_TEAM = 8HS35WKYD8;
				ENABLE_PREVIEWS = YES;
				INFOPLIST_FILE = "iOS-Tokyo2020/Info.plist";
				IPHONEOS_DEPLOYMENT_TARGET = 14.0;
				LD_RUNPATH_SEARCH_PATHS = (
					"$(inherited)",
					"@executable_path/Frameworks",
				);
				PRODUCT_BUNDLE_IDENTIFIER = "joaoCervo.iOS-Tokyo2020";
				PRODUCT_NAME = "$(TARGET_NAME)";
				SWIFT_VERSION = 5.0;
				TARGETED_DEVICE_FAMILY = "1,2";
			};
			name = Release;
		};
/* End XCBuildConfiguration section */

/* Begin XCConfigurationList section */
		84E2022A26124973004B709C /* Build configuration list for PBXProject "iOS-Tokyo2020" */ = {
			isa = XCConfigurationList;
			buildConfigurations = (
				84E2023C26124974004B709C /* Debug */,
				84E2023D26124974004B709C /* Release */,
			);
			defaultConfigurationIsVisible = 0;
			defaultConfigurationName = Release;
		};
		84E2023E26124974004B709C /* Build configuration list for PBXNativeTarget "iOS-Tokyo2020" */ = {
			isa = XCConfigurationList;
			buildConfigurations = (
				84E2023F26124974004B709C /* Debug */,
				84E2024026124974004B709C /* Release */,
			);
			defaultConfigurationIsVisible = 0;
			defaultConfigurationName = Release;
		};
/* End XCConfigurationList section */
	};
	rootObject = 84E2022726124973004B709C /* Project object */;
}
